
Microsoft Visual Studio Solution File, Format Version 12.00
# Visual Studio Version 17
VisualStudioVersion = 17.0.31903.59
MinimumVisualStudioVersion = 10.0.40219.1
Project("{9A19103F-16F7-4668-BE54-9A1E7A4F7556}") = "BlackJack", "BlackJack\BlackJack.csproj", "{EBBD04F3-0F52-4E6A-AB8E-F12445E18ECC}"
EndProject
Project("{2150E333-8FDC-42A3-9474-1A3956D46DE8}") = "Solution Items", "Solution Items", "{D8D28F3E-6E95-42DE-8A7A-C2DE57B3E337}"
EndProject
Global
	GlobalSection(SolutionConfigurationPlatforms) = preSolution
		Debug|Any CPU = Debug|Any CPU
		Release|Any CPU = Release|Any CPU
	EndGlobalSection
	GlobalSection(ProjectConfigurationPlatforms) = postSolution
		{EBBD04F3-0F52-4E6A-AB8E-F12445E18ECC}.Debug|Any CPU.ActiveCfg = Debug|Any CPU
		{EBBD04F3-0F52-4E6A-AB8E-F12445E18ECC}.Debug|Any CPU.Build.0 = Debug|Any CPU
		{EBBD04F3-0F52-4E6A-AB8E-F12445E18ECC}.Release|Any CPU.ActiveCfg = Release|Any CPU
		{EBBD04F3-0F52-4E6A-AB8E-F12445E18ECC}.Release|Any CPU.Build.0 = Release|Any CPU
	EndGlobalSection
	GlobalSection(SolutionProperties) = preSolution
		HideSolutionNode = FALSE
	EndGlobalSection
	GlobalSection(ExtensibilityGlobals) = postSolution
		SolutionGuid = {2A367707-0BE0-426E-AA43-0E685F930E03}
	EndGlobalSection
EndGlobal
